{
  "name": "event-watch-interest-server",
  "lockfileVersion": 3,
  "requires": true,
  "packages": {
    "": {
      "name": "event-watch-interest-server",
      "dependencies": {
        "radar-kit": "github:mcmar47/radar-kit"
      }
    },
    "node_modules/radar-kit": {
      "version": "1.2.0",
      "resolved": "git+ssh://git@github.com/mcmar47/radar-kit.git#81c533cb4c5433dc7b6f1630c692a0c1173492ef",
      "peerDependencies": {
        "@opencode-ai/plugin": "*"
      },
      "peerDependenciesMeta": {
        "@opencode-ai/plugin": {
          "optional": true
        }
      }
    }
  }
}
